{
    "_meta": {
        "hash": {
            "sha256": "fc135e5d7c5d71849a5c309fa94b809c99747ec36a9ec44c299d8030bc5c670a"
        },
        "pipfile-spec": 6,
        "requires": {
            "python_version": "3.7"
        },
        "sources": [
            {
                "name": "pypi",
                "url": "https://pypi.org/simple",
                "verify_ssl": true
            }
        ]
    },
    "default": {
        "iso4217parse": {
            "hashes": [
                "sha256:1e9d136f28170d5d88ff5db6b62e9693e24e2fb85515b2108150630ab6505003"
            ],
            "index": "pypi",
            "version": "==0.3"
        }
    },
    "develop": {
        "pyre-check": {
            "hashes": [
                "sha256:15342472ca40dec9efa1ca8d243d2bf52e8c2492daeb5b97e3310f4eec5321db",
                "sha256:d753b2958cf7fdf5cf33cde39c9324129b942e23c8a122e6c9adc51364392540"
            ],
            "index": "pypi",
            "version": "==0.0.8"
        }
    }
}
